
Microsoft Visual Studio Solution File, Format Version 12.00
# Visual Studio 15
VisualStudioVersion = 15.0.28010.2003
MinimumVisualStudioVersion = 10.0.40219.1
Project("{FAE04EC0-301F-11D3-BF4B-00C04F79EFBC}") = "SpecFlowTest", "SpecFlowTest\SpecFlowTest.csproj", "{CA273FDD-6123-426F-9A1B-20153AAD11EE}"
EndProject
Global
	GlobalSection(SolutionConfigurationPlatforms) = preSolution
		Debug|Any CPU = Debug|Any CPU
		Release|Any CPU = Release|Any CPU
	EndGlobalSection
	GlobalSection(ProjectConfigurationPlatforms) = postSolution
		{CA273FDD-6123-426F-9A1B-20153AAD11EE}.Debug|Any CPU.ActiveCfg = Debug|Any CPU
		{CA273FDD-6123-426F-9A1B-20153AAD11EE}.Debug|Any CPU.Build.0 = Debug|Any CPU
		{CA273FDD-6123-426F-9A1B-20153AAD11EE}.Release|Any CPU.ActiveCfg = Release|Any CPU
		{CA273FDD-6123-426F-9A1B-20153AAD11EE}.Release|Any CPU.Build.0 = Release|Any CPU
	EndGlobalSection
	GlobalSection(SolutionProperties) = preSolution
		HideSolutionNode = FALSE
	EndGlobalSection
	GlobalSection(ExtensibilityGlobals) = postSolution
		SolutionGuid = {A0CB0B7D-C029-4663-9606-692B7794D046}
	EndGlobalSection
EndGlobal
